// !$*UTF8*$!
{
	archiveVersion = 1;
	classes = {
	};
	objectVersion = 56;
	objects = {

/* Begin PBXBuildFile section */
		A370C1AC2C38807900244764 /* SectionView.swift in Sources */ = {isa = PBXBuildFile; fileRef = A370C1AB2C38807900244764 /* SectionView.swift */; };
		A381EBD62BDED5050006898E /* KodeHaus_v2App.swift in Sources */ = {isa = PBXBuildFile; fileRef = A381EBD52BDED5050006898E /* KodeHaus_v2App.swift */; };
		A381EBD82BDED5050006898E /* ContentView.swift in Sources */ = {isa = PBXBuildFile; fileRef = A381EBD72BDED5050006898E /* ContentView.swift */; };
		A381EBDA2BDED5070006898E /* Assets.xcassets in Resources */ = {isa = PBXBuildFile; fileRef = A381EBD92BDED5070006898E /* Assets.xcassets */; };
		A381EBDD2BDED5070006898E /* Preview Assets.xcassets in Resources */ = {isa = PBXBuildFile; fileRef = A381EBDC2BDED5070006898E /* Preview Assets.xcassets */; };
		A390ADC42C222FCC00CCF0E7 /* HomeView.swift in Sources */ = {isa = PBXBuildFile; fileRef = A390ADC32C222FCC00CCF0E7 /* HomeView.swift */; };
		A390ADC62C2230B900CCF0E7 /* MyProfileView.swift in Sources */ = {isa = PBXBuildFile; fileRef = A390ADC52C2230B900CCF0E7 /* MyProfileView.swift */; };
		A390ADC82C22321300CCF0E7 /* InboxView.swift in Sources */ = {isa = PBXBuildFile; fileRef = A390ADC72C22321300CCF0E7 /* InboxView.swift */; };
		A390ADCC2C2234BB00CCF0E7 /* MyProjectsView.swift in Sources */ = {isa = PBXBuildFile; fileRef = A390ADCB2C2234BB00CCF0E7 /* MyProjectsView.swift */; };
		A390ADD22C24EFFE00CCF0E7 /* SettingsView.swift in Sources */ = {isa = PBXBuildFile; fileRef = A390ADD12C24EFFE00CCF0E7 /* SettingsView.swift */; };
/* End PBXBuildFile section */

/* Begin PBXFileReference section */
		A370C1AB2C38807900244764 /* SectionView.swift */ = {isa = PBXFileReference; lastKnownFileType = sourcecode.swift; path = SectionView.swift; sourceTree = "<group>"; };
		A381EBD22BDED5050006898E /* KodeHaus-v2.app */ = {isa = PBXFileReference; explicitFileType = wrapper.application; includeInIndex = 0; path = "KodeHaus-v2.app"; sourceTree = BUILT_PRODUCTS_DIR; };
		A381EBD52BDED5050006898E /* KodeHaus_v2App.swift */ = {isa = PBXFileReference; lastKnownFileType = sourcecode.swift; path = KodeHaus_v2App.swift; sourceTree = "<group>"; };
		A381EBD72BDED5050006898E /* ContentView.swift */ = {isa = PBXFileReference; lastKnownFileType = sourcecode.swift; path = ContentView.swift; sourceTree = "<group>"; };
		A381EBD92BDED5070006898E /* Assets.xcassets */ = {isa = PBXFileReference; lastKnownFileType = folder.assetcatalog; path = Assets.xcassets; sourceTree = "<group>"; };
		A381EBDC2BDED5070006898E /* Preview Assets.xcassets */ = {isa = PBXFileReference; lastKnownFileType = folder.assetcatalog; path = "Preview Assets.xcassets"; sourceTree = "<group>"; };
		A390ADC32C222FCC00CCF0E7 /* HomeView.swift */ = {isa = PBXFileReference; lastKnownFileType = sourcecode.swift; path = HomeView.swift; sourceTree = "<group>"; };
		A390ADC52C2230B900CCF0E7 /* MyProfileView.swift */ = {isa = PBXFileReference; lastKnownFileType = sourcecode.swift; path = MyProfileView.swift; sourceTree = "<group>"; };
		A390ADC72C22321300CCF0E7 /* InboxView.swift */ = {isa = PBXFileReference; lastKnownFileType = sourcecode.swift; path = InboxView.swift; sourceTree = "<group>"; };
		A390ADCB2C2234BB00CCF0E7 /* MyProjectsView.swift */ = {isa = PBXFileReference; lastKnownFileType = sourcecode.swift; path = MyProjectsView.swift; sourceTree = "<group>"; };
		A390ADD12C24EFFE00CCF0E7 /* SettingsView.swift */ = {isa = PBXFileReference; lastKnownFileType = sourcecode.swift; path = SettingsView.swift; sourceTree = "<group>"; };
/* End PBXFileReference section */

/* Begin PBXFrameworksBuildPhase section */
		A381EBCF2BDED5050006898E /* Frameworks */ = {
			isa = PBXFrameworksBuildPhase;
			buildActionMask = 2147483647;
			files = (
			);
			runOnlyForDeploymentPostprocessing = 0;
		};
/* End PBXFrameworksBuildPhase section */

/* Begin PBXGroup section */
		A370C1A92C387B3A00244764 /* Views */ = {
			isa = PBXGroup;
			children = (
				A370C1AA2C38802600244764 /* Components */,
			);
			path = Views;
			sourceTree = "<group>";
		};
		A370C1AA2C38802600244764 /* Components */ = {
			isa = PBXGroup;
			children = (
				A370C1AB2C38807900244764 /* SectionView.swift */,
			);
			path = Components;
			sourceTree = "<group>";
		};
		A381EBC92BDED5050006898E = {
			isa = PBXGroup;
			children = (
				A381EBD42BDED5050006898E /* KodeHaus-v2 */,
				A381EBD32BDED5050006898E /* Products */,
			);
			sourceTree = "<group>";
		};
		A381EBD32BDED5050006898E /* Products */ = {
			isa = PBXGroup;
			children = (
				A381EBD22BDED5050006898E /* KodeHaus-v2.app */,
			);
			name = Products;
			sourceTree = "<group>";
		};
		A381EBD42BDED5050006898E /* KodeHaus-v2 */ = {
			isa = PBXGroup;
			children = (
				A370C1A92C387B3A00244764 /* Views */,
				A381EBD52BDED5050006898E /* KodeHaus_v2App.swift */,
				A381EBD72BDED5050006898E /* ContentView.swift */,
				A390ADC32C222FCC00CCF0E7 /* HomeView.swift */,
				A390ADC52C2230B900CCF0E7 /* MyProfileView.swift */,
				A390ADCB2C2234BB00CCF0E7 /* MyProjectsView.swift */,
				A390ADD12C24EFFE00CCF0E7 /* SettingsView.swift */,
				A390ADC72C22321300CCF0E7 /* InboxView.swift */,
				A381EBE32BDED6EE0006898E /* Model */,
				A381EBE42BDED6FA0006898E /* View */,
				A381EBD92BDED5070006898E /* Assets.xcassets */,
				A381EBDB2BDED5070006898E /* Preview Content */,
			);
			path = "KodeHaus-v2";
			sourceTree = "<group>";
		};
		A381EBDB2BDED5070006898E /* Preview Content */ = {
			isa = PBXGroup;
			children = (
				A381EBDC2BDED5070006898E /* Preview Assets.xcassets */,
			);
			path = "Preview Content";
			sourceTree = "<group>";
		};
		A381EBE32BDED6EE0006898E /* Model */ = {
			isa = PBXGroup;
			children = (
			);
			path = Model;
			sourceTree = "<group>";
		};
		A381EBE42BDED6FA0006898E /* View */ = {
			isa = PBXGroup;
			children = (
			);
			path = View;
			sourceTree = "<group>";
		};
/* End PBXGroup section */

/* Begin PBXNativeTarget section */
		A381EBD12BDED5050006898E /* KodeHaus-v2 */ = {
			isa = PBXNativeTarget;
			buildConfigurationList = A381EBE02BDED5070006898E /* Build configuration list for PBXNativeTarget "KodeHaus-v2" */;
			buildPhases = (
				A381EBCE2BDED5050006898E /* Sources */,
				A381EBCF2BDED5050006898E /* Frameworks */,
				A381EBD02BDED5050006898E /* Resources */,
			);
			buildRules = (
			);
			dependencies = (
			);
			name = "KodeHaus-v2";
			productName = "KodeHaus-v2";
			productReference = A381EBD22BDED5050006898E /* KodeHaus-v2.app */;
			productType = "com.apple.product-type.application";
		};
/* End PBXNativeTarget section */

/* Begin PBXProject section */
		A381EBCA2BDED5050006898E /* Project object */ = {
			isa = PBXProject;
			attributes = {
				BuildIndependentTargetsInParallel = 1;
				LastSwiftUpdateCheck = 1520;
				LastUpgradeCheck = 1520;
				TargetAttributes = {
					A381EBD12BDED5050006898E = {
						CreatedOnToolsVersion = 15.2;
					};
				};
			};
			buildConfigurationList = A381EBCD2BDED5050006898E /* Build configuration list for PBXProject "KodeHaus-v2" */;
			compatibilityVersion = "Xcode 14.0";
			developmentRegion = en;
			hasScannedForEncodings = 0;
			knownRegions = (
				en,
				Base,
			);
			mainGroup = A381EBC92BDED5050006898E;
			productRefGroup = A381EBD32BDED5050006898E /* Products */;
			projectDirPath = "";
			projectRoot = "";
			targets = (
				A381EBD12BDED5050006898E /* KodeHaus-v2 */,
			);
		};
/* End PBXProject section */

/* Begin PBXResourcesBuildPhase section */
		A381EBD02BDED5050006898E /* Resources */ = {
			isa = PBXResourcesBuildPhase;
			buildActionMask = 2147483647;
			files = (
				A381EBDD2BDED5070006898E /* Preview Assets.xcassets in Resources */,
				A381EBDA2BDED5070006898E /* Assets.xcassets in Resources */,
			);
			runOnlyForDeploymentPostprocessing = 0;
		};
/* End PBXResourcesBuildPhase section */

/* Begin PBXSourcesBuildPhase section */
		A381EBCE2BDED5050006898E /* Sources */ = {
			isa = PBXSourcesBuildPhase;
			buildActionMask = 2147483647;
			files = (
				A390ADC42C222FCC00CCF0E7 /* HomeView.swift in Sources */,
				A390ADC62C2230B900CCF0E7 /* MyProfileView.swift in Sources */,
				A390ADCC2C2234BB00CCF0E7 /* MyProjectsView.swift in Sources */,
				A381EBD82BDED5050006898E /* ContentView.swift in Sources */,
				A370C1AC2C38807900244764 /* SectionView.swift in Sources */,
				A390ADD22C24EFFE00CCF0E7 /* SettingsView.swift in Sources */,
				A381EBD62BDED5050006898E /* KodeHaus_v2App.swift in Sources */,
				A390ADC82C22321300CCF0E7 /* InboxView.swift in Sources */,
			);
			runOnlyForDeploymentPostprocessing = 0;
		};
/* End PBXSourcesBuildPhase section */

/* Begin XCBuildConfiguration section */
		A381EBDE2BDED5070006898E /* Debug */ = {
			isa = XCBuildConfiguration;
			buildSettings = {
				ALWAYS_SEARCH_USER_PATHS = NO;
				ASSETCATALOG_COMPILER_GENERATE_SWIFT_ASSET_SYMBOL_EXTENSIONS = YES;
				CLANG_ANALYZER_NONNULL = YES;
				CLANG_ANALYZER_NUMBER_OBJECT_CONVERSION = YES_AGGRESSIVE;
				CLANG_CXX_LANGUAGE_STANDARD = "gnu++20";
				CLANG_ENABLE_MODULES = YES;
				CLANG_ENABLE_OBJC_ARC = YES;
				CLANG_ENABLE_OBJC_WEAK = YES;
				CLANG_WARN_BLOCK_CAPTURE_AUTORELEASING = YES;
				CLANG_WARN_BOOL_CONVERSION = YES;
				CLANG_WARN_COMMA = YES;
				CLANG_WARN_CONSTANT_CONVERSION = YES;
				CLANG_WARN_DEPRECATED_OBJC_IMPLEMENTATIONS = YES;
				CLANG_WARN_DIRECT_OBJC_ISA_USAGE = YES_ERROR;
				CLANG_WARN_DOCUMENTATION_COMMENTS = YES;
				CLANG_WARN_EMPTY_BODY = YES;
				CLANG_WARN_ENUM_CONVERSION = YES;
				CLANG_WARN_INFINITE_RECURSION = YES;
				CLANG_WARN_INT_CONVERSION = YES;
				CLANG_WARN_NON_LITERAL_NULL_CONVERSION = YES;
				CLANG_WARN_OBJC_IMPLICIT_RETAIN_SELF = YES;
				CLANG_WARN_OBJC_LITERAL_CONVERSION = YES;
				CLANG_WARN_OBJC_ROOT_CLASS = YES_ERROR;
				CLANG_WARN_QUOTED_INCLUDE_IN_FRAMEWORK_HEADER = YES;
				CLANG_WARN_RANGE_LOOP_ANALYSIS = YES;
				CLANG_WARN_STRICT_PROTOTYPES = YES;
				CLANG_WARN_SUSPICIOUS_MOVE = YES;
				CLANG_WARN_UNGUARDED_AVAILABILITY = YES_AGGRESSIVE;
				CLANG_WARN_UNREACHABLE_CODE = YES;
				CLANG_WARN__DUPLICATE_METHOD_MATCH = YES;
				COPY_PHASE_STRIP = NO;
				DEBUG_INFORMATION_FORMAT = dwarf;
				ENABLE_STRICT_OBJC_MSGSEND = YES;
				ENABLE_TESTABILITY = YES;
				ENABLE_USER_SCRIPT_SANDBOXING = YES;
				GCC_C_LANGUAGE_STANDARD = gnu17;
				GCC_DYNAMIC_NO_PIC = NO;
				GCC_NO_COMMON_BLOCKS = YES;
				GCC_OPTIMIZATION_LEVEL = 0;
				GCC_PREPROCESSOR_DEFINITIONS = (
					"DEBUG=1",
					"$(inherited)",
				);
				GCC_WARN_64_TO_32_BIT_CONVERSION = YES;
				GCC_WARN_ABOUT_RETURN_TYPE = YES_ERROR;
				GCC_WARN_UNDECLARED_SELECTOR = YES;
				GCC_WARN_UNINITIALIZED_AUTOS = YES_AGGRESSIVE;
				GCC_WARN_UNUSED_FUNCTION = YES;
				GCC_WARN_UNUSED_VARIABLE = YES;
				IPHONEOS_DEPLOYMENT_TARGET = 17.2;
				LOCALIZATION_PREFERS_STRING_CATALOGS = YES;
				MTL_ENABLE_DEBUG_INFO = INCLUDE_SOURCE;
				MTL_FAST_MATH = YES;
				ONLY_ACTIVE_ARCH = YES;
				SDKROOT = iphoneos;
				SWIFT_ACTIVE_COMPILATION_CONDITIONS = "DEBUG $(inherited)";
				SWIFT_OPTIMIZATION_LEVEL = "-Onone";
			};
			name = Debug;
		};
		A381EBDF2BDED5070006898E /* Release */ = {
			isa = XCBuildConfiguration;
			buildSettings = {
				ALWAYS_SEARCH_USER_PATHS = NO;
				ASSETCATALOG_COMPILER_GENERATE_SWIFT_ASSET_SYMBOL_EXTENSIONS = YES;
				CLANG_ANALYZER_NONNULL = YES;
				CLANG_ANALYZER_NUMBER_OBJECT_CONVERSION = YES_AGGRESSIVE;
				CLANG_CXX_LANGUAGE_STANDARD = "gnu++20";
				CLANG_ENABLE_MODULES = YES;
				CLANG_ENABLE_OBJC_ARC = YES;
				CLANG_ENABLE_OBJC_WEAK = YES;
				CLANG_WARN_BLOCK_CAPTURE_AUTORELEASING = YES;
				CLANG_WARN_BOOL_CONVERSION = YES;
				CLANG_WARN_COMMA = YES;
				CLANG_WARN_CONSTANT_CONVERSION = YES;
				CLANG_WARN_DEPRECATED_OBJC_IMPLEMENTATIONS = YES;
				CLANG_WARN_DIRECT_OBJC_ISA_USAGE = YES_ERROR;
				CLANG_WARN_DOCUMENTATION_COMMENTS = YES;
				CLANG_WARN_EMPTY_BODY = YES;
				CLANG_WARN_ENUM_CONVERSION = YES;
				CLANG_WARN_INFINITE_RECURSION = YES;
				CLANG_WARN_INT_CONVERSION = YES;
				CLANG_WARN_NON_LITERAL_NULL_CONVERSION = YES;
				CLANG_WARN_OBJC_IMPLICIT_RETAIN_SELF = YES;
				CLANG_WARN_OBJC_LITERAL_CONVERSION = YES;
				CLANG_WARN_OBJC_ROOT_CLASS = YES_ERROR;
				CLANG_WARN_QUOTED_INCLUDE_IN_FRAMEWORK_HEADER = YES;
				CLANG_WARN_RANGE_LOOP_ANALYSIS = YES;
				CLANG_WARN_STRICT_PROTOTYPES = YES;
				CLANG_WARN_SUSPICIOUS_MOVE = YES;
				CLANG_WARN_UNGUARDED_AVAILABILITY = YES_AGGRESSIVE;
				CLANG_WARN_UNREACHABLE_CODE = YES;
				CLANG_WARN__DUPLICATE_METHOD_MATCH = YES;
				COPY_PHASE_STRIP = NO;
				DEBUG_INFORMATION_FORMAT = "dwarf-with-dsym";
				ENABLE_NS_ASSERTIONS = NO;
				ENABLE_STRICT_OBJC_MSGSEND = YES;
				ENABLE_USER_SCRIPT_SANDBOXING = YES;
				GCC_C_LANGUAGE_STANDARD = gnu17;
				GCC_NO_COMMON_BLOCKS = YES;
				GCC_WARN_64_TO_32_BIT_CONVERSION = YES;
				GCC_WARN_ABOUT_RETURN_TYPE = YES_ERROR;
				GCC_WARN_UNDECLARED_SELECTOR = YES;
				GCC_WARN_UNINITIALIZED_AUTOS = YES_AGGRESSIVE;
				GCC_WARN_UNUSED_FUNCTION = YES;
				GCC_WARN_UNUSED_VARIABLE = YES;
				IPHONEOS_DEPLOYMENT_TARGET = 17.2;
				LOCALIZATION_PREFERS_STRING_CATALOGS = YES;
				MTL_ENABLE_DEBUG_INFO = NO;
				MTL_FAST_MATH = YES;
				SDKROOT = iphoneos;
				SWIFT_COMPILATION_MODE = wholemodule;
				VALIDATE_PRODUCT = YES;
			};
			name = Release;
		};
		A381EBE12BDED5070006898E /* Debug */ = {
			isa = XCBuildConfiguration;
			buildSettings = {
				ASSETCATALOG_COMPILER_APPICON_NAME = AppIcon;
				ASSETCATALOG_COMPILER_GLOBAL_ACCENT_COLOR_NAME = AccentColor;
				CODE_SIGN_STYLE = Automatic;
				CURRENT_PROJECT_VERSION = 1;
				DEVELOPMENT_ASSET_PATHS = "\"KodeHaus-v2/Preview Content\"";
				DEVELOPMENT_TEAM = M44U58AV3T;
				ENABLE_PREVIEWS = YES;
				GENERATE_INFOPLIST_FILE = YES;
				INFOPLIST_KEY_UIApplicationSceneManifest_Generation = YES;
				INFOPLIST_KEY_UIApplicationSupportsIndirectInputEvents = YES;
				INFOPLIST_KEY_UILaunchScreen_Generation = YES;
				INFOPLIST_KEY_UISupportedInterfaceOrientations_iPad = "UIInterfaceOrientationPortrait UIInterfaceOrientationPortraitUpsideDown UIInterfaceOrientationLandscapeLeft UIInterfaceOrientationLandscapeRight";
				INFOPLIST_KEY_UISupportedInterfaceOrientations_iPhone = "UIInterfaceOrientationPortrait UIInterfaceOrientationLandscapeLeft UIInterfaceOrientationLandscapeRight";
				LD_RUNPATH_SEARCH_PATHS = (
					"$(inherited)",
					"@executable_path/Frameworks",
				);
				MARKETING_VERSION = 1.0;
				PRODUCT_BUNDLE_IDENTIFIER = "co.DianaDee.KodeHaus-v2";
				PRODUCT_NAME = "$(TARGET_NAME)";
				SWIFT_EMIT_LOC_STRINGS = YES;
				SWIFT_VERSION = 5.0;
				TARGETED_DEVICE_FAMILY = "1,2";
			};
			name = Debug;
		};
		A381EBE22BDED5070006898E /* Release */ = {
			isa = XCBuildConfiguration;
			buildSettings = {
				ASSETCATALOG_COMPILER_APPICON_NAME = AppIcon;
				ASSETCATALOG_COMPILER_GLOBAL_ACCENT_COLOR_NAME = AccentColor;
				CODE_SIGN_STYLE = Automatic;
				CURRENT_PROJECT_VERSION = 1;
				DEVELOPMENT_ASSET_PATHS = "\"KodeHaus-v2/Preview Content\"";
				DEVELOPMENT_TEAM = M44U58AV3T;
				ENABLE_PREVIEWS = YES;
				GENERATE_INFOPLIST_FILE = YES;
				INFOPLIST_KEY_UIApplicationSceneManifest_Generation = YES;
				INFOPLIST_KEY_UIApplicationSupportsIndirectInputEvents = YES;
				INFOPLIST_KEY_UILaunchScreen_Generation = YES;
				INFOPLIST_KEY_UISupportedInterfaceOrientations_iPad = "UIInterfaceOrientationPortrait UIInterfaceOrientationPortraitUpsideDown UIInterfaceOrientationLandscapeLeft UIInterfaceOrientationLandscapeRight";
				INFOPLIST_KEY_UISupportedInterfaceOrientations_iPhone = "UIInterfaceOrientationPortrait UIInterfaceOrientationLandscapeLeft UIInterfaceOrientationLandscapeRight";
				LD_RUNPATH_SEARCH_PATHS = (
					"$(inherited)",
					"@executable_path/Frameworks",
				);
				MARKETING_VERSION = 1.0;
				PRODUCT_BUNDLE_IDENTIFIER = "co.DianaDee.KodeHaus-v2";
				PRODUCT_NAME = "$(TARGET_NAME)";
				SWIFT_EMIT_LOC_STRINGS = YES;
				SWIFT_VERSION = 5.0;
				TARGETED_DEVICE_FAMILY = "1,2";
			};
			name = Release;
		};
/* End XCBuildConfiguration section */

/* Begin XCConfigurationList section */
		A381EBCD2BDED5050006898E /* Build configuration list for PBXProject "KodeHaus-v2" */ = {
			isa = XCConfigurationList;
			buildConfigurations = (
				A381EBDE2BDED5070006898E /* Debug */,
				A381EBDF2BDED5070006898E /* Release */,
			);
			defaultConfigurationIsVisible = 0;
			defaultConfigurationName = Release;
		};
		A381EBE02BDED5070006898E /* Build configuration list for PBXNativeTarget "KodeHaus-v2" */ = {
			isa = XCConfigurationList;
			buildConfigurations = (
				A381EBE12BDED5070006898E /* Debug */,
				A381EBE22BDED5070006898E /* Release */,
			);
			defaultConfigurationIsVisible = 0;
			defaultConfigurationName = Release;
		};
/* End XCConfigurationList section */
	};
	rootObject = A381EBCA2BDED5050006898E /* Project object */;
}
